// !$*UTF8*$!
{
	archiveVersion = 1;
	classes = {
	};
	objectVersion = 46;
	objects = {

/* Begin PBXBuildFile section */
		4F08466E1833DE2F005A3D56 /* HVTaskModel.m in Sources */ = {isa = PBXBuildFile; fileRef = 4F08466D1833DE2F005A3D56 /* HVTaskModel.m */; };
		4F1F11051833B38F0085F111 /* Foundation.framework in Frameworks */ = {isa = PBXBuildFile; fileRef = 4F1F11041833B38F0085F111 /* Foundation.framework */; };
		4F1F11071833B38F0085F111 /* CoreGraphics.framework in Frameworks */ = {isa = PBXBuildFile; fileRef = 4F1F11061833B38F0085F111 /* CoreGraphics.framework */; };
		4F1F11091833B38F0085F111 /* UIKit.framework in Frameworks */ = {isa = PBXBuildFile; fileRef = 4F1F11081833B38F0085F111 /* UIKit.framework */; };
		4F1F110F1833B38F0085F111 /* InfoPlist.strings in Resources */ = {isa = PBXBuildFile; fileRef = 4F1F110D1833B38F0085F111 /* InfoPlist.strings */; };
		4F1F11111833B38F0085F111 /* main.m in Sources */ = {isa = PBXBuildFile; fileRef = 4F1F11101833B38F0085F111 /* main.m */; };
		4F1F11151833B38F0085F111 /* HVAppDelegate.m in Sources */ = {isa = PBXBuildFile; fileRef = 4F1F11141833B38F0085F111 /* HVAppDelegate.m */; };
		4F1F11181833B38F0085F111 /* Main.storyboard in Resources */ = {isa = PBXBuildFile; fileRef = 4F1F11161833B38F0085F111 /* Main.storyboard */; };
		4F1F111B1833B38F0085F111 /* HVViewController.m in Sources */ = {isa = PBXBuildFile; fileRef = 4F1F111A1833B38F0085F111 /* HVViewController.m */; };
		4F1F111D1833B38F0085F111 /* Images.xcassets in Resources */ = {isa = PBXBuildFile; fileRef = 4F1F111C1833B38F0085F111 /* Images.xcassets */; };
		4F1F11241833B38F0085F111 /* XCTest.framework in Frameworks */ = {isa = PBXBuildFile; fileRef = 4F1F11231833B38F0085F111 /* XCTest.framework */; };
		4F1F11251833B38F0085F111 /* Foundation.framework in Frameworks */ = {isa = PBXBuildFile; fileRef = 4F1F11041833B38F0085F111 /* Foundation.framework */; };
		4F1F11261833B38F0085F111 /* UIKit.framework in Frameworks */ = {isa = PBXBuildFile; fileRef = 4F1F11081833B38F0085F111 /* UIKit.framework */; };
		4F1F112E1833B38F0085F111 /* InfoPlist.strings in Resources */ = {isa = PBXBuildFile; fileRef = 4F1F112C1833B38F0085F111 /* InfoPlist.strings */; };
		4F1F11301833B38F0085F111 /* Overdue_Task_List_assignmentTests.m in Sources */ = {isa = PBXBuildFile; fileRef = 4F1F112F1833B38F0085F111 /* Overdue_Task_List_assignmentTests.m */; };
		4F1F113B1833B7060085F111 /* HVAddTaskViewController.m in Sources */ = {isa = PBXBuildFile; fileRef = 4F1F113A1833B7060085F111 /* HVAddTaskViewController.m */; };
		4F1F113E1833B7230085F111 /* HVTaskDetailViewController.m in Sources */ = {isa = PBXBuildFile; fileRef = 4F1F113D1833B7230085F111 /* HVTaskDetailViewController.m */; };
		4F1F11411833B7390085F111 /* HVEditTaskViewController.m in Sources */ = {isa = PBXBuildFile; fileRef = 4F1F11401833B7390085F111 /* HVEditTaskViewController.m */; };
		4F5F2AB6183BAA3600150776 /* images.jpeg in Resources */ = {isa = PBXBuildFile; fileRef = 4F5F2AB5183BAA3600150776 /* images.jpeg */; };
/* End PBXBuildFile section */

/* Begin PBXContainerItemProxy section */
		4F1F11271833B38F0085F111 /* PBXContainerItemProxy */ = {
			isa = PBXContainerItemProxy;
			containerPortal = 4F1F10F91833B38F0085F111 /* Project object */;
			proxyType = 1;
			remoteGlobalIDString = 4F1F11001833B38F0085F111;
			remoteInfo = "Overdue Task List assignment";
		};
/* End PBXContainerItemProxy section */

/* Begin PBXFileReference section */
		4F08466C1833DE2F005A3D56 /* HVTaskModel.h */ = {isa = PBXFileReference; fileEncoding = 4; lastKnownFileType = sourcecode.c.h; path = HVTaskModel.h; sourceTree = "<group>"; };
		4F08466D1833DE2F005A3D56 /* HVTaskModel.m */ = {isa = PBXFileReference; fileEncoding = 4; lastKnownFileType = sourcecode.c.objc; path = HVTaskModel.m; sourceTree = "<group>"; };
		4F1F11011833B38F0085F111 /* Overdue Task List assignment.app */ = {isa = PBXFileReference; explicitFileType = wrapper.application; includeInIndex = 0; path = "Overdue Task List assignment.app"; sourceTree = BUILT_PRODUCTS_DIR; };
		4F1F11041833B38F0085F111 /* Foundation.framework */ = {isa = PBXFileReference; lastKnownFileType = wrapper.framework; name = Foundation.framework; path = System/Library/Frameworks/Foundation.framework; sourceTree = SDKROOT; };
		4F1F11061833B38F0085F111 /* CoreGraphics.framework */ = {isa = PBXFileReference; lastKnownFileType = wrapper.framework; name = CoreGraphics.framework; path = System/Library/Frameworks/CoreGraphics.framework; sourceTree = SDKROOT; };
		4F1F11081833B38F0085F111 /* UIKit.framework */ = {isa = PBXFileReference; lastKnownFileType = wrapper.framework; name = UIKit.framework; path = System/Library/Frameworks/UIKit.framework; sourceTree = SDKROOT; };
		4F1F110C1833B38F0085F111 /* Overdue Task List assignment-Info.plist */ = {isa = PBXFileReference; lastKnownFileType = text.plist.xml; path = "Overdue Task List assignment-Info.plist"; sourceTree = "<group>"; };
		4F1F110E1833B38F0085F111 /* en */ = {isa = PBXFileReference; lastKnownFileType = text.plist.strings; name = en; path = en.lproj/InfoPlist.strings; sourceTree = "<group>"; };
		4F1F11101833B38F0085F111 /* main.m */ = {isa = PBXFileReference; lastKnownFileType = sourcecode.c.objc; path = main.m; sourceTree = "<group>"; };
		4F1F11121833B38F0085F111 /* Overdue Task List assignment-Prefix.pch */ = {isa = PBXFileReference; lastKnownFileType = sourcecode.c.h; path = "Overdue Task List assignment-Prefix.pch"; sourceTree = "<group>"; };
		4F1F11131833B38F0085F111 /* HVAppDelegate.h */ = {isa = PBXFileReference; lastKnownFileType = sourcecode.c.h; path = HVAppDelegate.h; sourceTree = "<group>"; };
		4F1F11141833B38F0085F111 /* HVAppDelegate.m */ = {isa = PBXFileReference; lastKnownFileType = sourcecode.c.objc; path = HVAppDelegate.m; sourceTree = "<group>"; };
		4F1F11171833B38F0085F111 /* Base */ = {isa = PBXFileReference; lastKnownFileType = file.storyboard; name = Base; path = Base.lproj/Main.storyboard; sourceTree = "<group>"; };
		4F1F11191833B38F0085F111 /* HVViewController.h */ = {isa = PBXFileReference; lastKnownFileType = sourcecode.c.h; path = HVViewController.h; sourceTree = "<group>"; };
		4F1F111A1833B38F0085F111 /* HVViewController.m */ = {isa = PBXFileReference; lastKnownFileType = sourcecode.c.objc; path = HVViewController.m; sourceTree = "<group>"; };
		4F1F111C1833B38F0085F111 /* Images.xcassets */ = {isa = PBXFileReference; lastKnownFileType = folder.assetcatalog; path = Images.xcassets; sourceTree = "<group>"; };
		4F1F11221833B38F0085F111 /* Overdue Task List assignmentTests.xctest */ = {isa = PBXFileReference; explicitFileType = wrapper.cfbundle; includeInIndex = 0; path = "Overdue Task List assignmentTests.xctest"; sourceTree = BUILT_PRODUCTS_DIR; };
		4F1F11231833B38F0085F111 /* XCTest.framework */ = {isa = PBXFileReference; lastKnownFileType = wrapper.framework; name = XCTest.framework; path = Library/Frameworks/XCTest.framework; sourceTree = DEVELOPER_DIR; };
		4F1F112B1833B38F0085F111 /* Overdue Task List assignmentTests-Info.plist */ = {isa = PBXFileReference; lastKnownFileType = text.plist.xml; path = "Overdue Task List assignmentTests-Info.plist"; sourceTree = "<group>"; };
		4F1F112D1833B38F0085F111 /* en */ = {isa = PBXFileReference; lastKnownFileType = text.plist.strings; name = en; path = en.lproj/InfoPlist.strings; sourceTree = "<group>"; };
		4F1F112F1833B38F0085F111 /* Overdue_Task_List_assignmentTests.m */ = {isa = PBXFileReference; lastKnownFileType = sourcecode.c.objc; path = Overdue_Task_List_assignmentTests.m; sourceTree = "<group>"; };
		4F1F11391833B7060085F111 /* HVAddTaskViewController.h */ = {isa = PBXFileReference; fileEncoding = 4; lastKnownFileType = sourcecode.c.h; path = HVAddTaskViewController.h; sourceTree = "<group>"; };
		4F1F113A1833B7060085F111 /* HVAddTaskViewController.m */ = {isa = PBXFileReference; fileEncoding = 4; lastKnownFileType = sourcecode.c.objc; path = HVAddTaskViewController.m; sourceTree = "<group>"; };
		4F1F113C1833B7230085F111 /* HVTaskDetailViewController.h */ = {isa = PBXFileReference; fileEncoding = 4; lastKnownFileType = sourcecode.c.h; path = HVTaskDetailViewController.h; sourceTree = "<group>"; };
		4F1F113D1833B7230085F111 /* HVTaskDetailViewController.m */ = {isa = PBXFileReference; fileEncoding = 4; lastKnownFileType = sourcecode.c.objc; path = HVTaskDetailViewController.m; sourceTree = "<group>"; };
		4F1F113F1833B7390085F111 /* HVEditTaskViewController.h */ = {isa = PBXFileReference; fileEncoding = 4; lastKnownFileType = sourcecode.c.h; path = HVEditTaskViewController.h; sourceTree = "<group>"; };
		4F1F11401833B7390085F111 /* HVEditTaskViewController.m */ = {isa = PBXFileReference; fileEncoding = 4; lastKnownFileType = sourcecode.c.objc; path = HVEditTaskViewController.m; sourceTree = "<group>"; };
		4F5F2AB5183BAA3600150776 /* images.jpeg */ = {isa = PBXFileReference; lastKnownFileType = image.jpeg; path = images.jpeg; sourceTree = "<group>"; };
/* End PBXFileReference section */

/* Begin PBXFrameworksBuildPhase section */
		4F1F10FE1833B38F0085F111 /* Frameworks */ = {
			isa = PBXFrameworksBuildPhase;
			buildActionMask = 2147483647;
			files = (
				4F1F11071833B38F0085F111 /* CoreGraphics.framework in Frameworks */,
				4F1F11091833B38F0085F111 /* UIKit.framework in Frameworks */,
				4F1F11051833B38F0085F111 /* Foundation.framework in Frameworks */,
			);
			runOnlyForDeploymentPostprocessing = 0;
		};
		4F1F111F1833B38F0085F111 /* Frameworks */ = {
			isa = PBXFrameworksBuildPhase;
			buildActionMask = 2147483647;
			files = (
				4F1F11241833B38F0085F111 /* XCTest.framework in Frameworks */,
				4F1F11261833B38F0085F111 /* UIKit.framework in Frameworks */,
				4F1F11251833B38F0085F111 /* Foundation.framework in Frameworks */,
			);
			runOnlyForDeploymentPostprocessing = 0;
		};
/* End PBXFrameworksBuildPhase section */

/* Begin PBXGroup section */
		4F1F10F81833B38F0085F111 = {
			isa = PBXGroup;
			children = (
				4F1F110A1833B38F0085F111 /* Overdue Task List assignment */,
				4F1F11291833B38F0085F111 /* Overdue Task List assignmentTests */,
				4F1F11031833B38F0085F111 /* Frameworks */,
				4F1F11021833B38F0085F111 /* Products */,
			);
			sourceTree = "<group>";
		};
		4F1F11021833B38F0085F111 /* Products */ = {
			isa = PBXGroup;
			children = (
				4F1F11011833B38F0085F111 /* Overdue Task List assignment.app */,
				4F1F11221833B38F0085F111 /* Overdue Task List assignmentTests.xctest */,
			);
			name = Products;
			sourceTree = "<group>";
		};
		4F1F11031833B38F0085F111 /* Frameworks */ = {
			isa = PBXGroup;
			children = (
				4F1F11041833B38F0085F111 /* Foundation.framework */,
				4F1F11061833B38F0085F111 /* CoreGraphics.framework */,
				4F1F11081833B38F0085F111 /* UIKit.framework */,
				4F1F11231833B38F0085F111 /* XCTest.framework */,
			);
			name = Frameworks;
			sourceTree = "<group>";
		};
		4F1F110A1833B38F0085F111 /* Overdue Task List assignment */ = {
			isa = PBXGroup;
			children = (
				4F1F11131833B38F0085F111 /* HVAppDelegate.h */,
				4F1F11141833B38F0085F111 /* HVAppDelegate.m */,
				4F1F11161833B38F0085F111 /* Main.storyboard */,
				4F1F11191833B38F0085F111 /* HVViewController.h */,
				4F1F111A1833B38F0085F111 /* HVViewController.m */,
				4F1F11391833B7060085F111 /* HVAddTaskViewController.h */,
				4F1F113A1833B7060085F111 /* HVAddTaskViewController.m */,
				4F1F113C1833B7230085F111 /* HVTaskDetailViewController.h */,
				4F1F113D1833B7230085F111 /* HVTaskDetailViewController.m */,
				4F1F113F1833B7390085F111 /* HVEditTaskViewController.h */,
				4F1F11401833B7390085F111 /* HVEditTaskViewController.m */,
				4F08466C1833DE2F005A3D56 /* HVTaskModel.h */,
				4F08466D1833DE2F005A3D56 /* HVTaskModel.m */,
				4F1F111C1833B38F0085F111 /* Images.xcassets */,
				4F1F110B1833B38F0085F111 /* Supporting Files */,
			);
			path = "Overdue Task List assignment";
			sourceTree = "<group>";
		};
		4F1F110B1833B38F0085F111 /* Supporting Files */ = {
			isa = PBXGroup;
			children = (
				4F1F110C1833B38F0085F111 /* Overdue Task List assignment-Info.plist */,
				4F1F110D1833B38F0085F111 /* InfoPlist.strings */,
				4F1F11101833B38F0085F111 /* main.m */,
				4F1F11121833B38F0085F111 /* Overdue Task List assignment-Prefix.pch */,
				4F5F2AB5183BAA3600150776 /* images.jpeg */,
			);
			name = "Supporting Files";
			sourceTree = "<group>";
		};
		4F1F11291833B38F0085F111 /* Overdue Task List assignmentTests */ = {
			isa = PBXGroup;
			children = (
				4F1F112F1833B38F0085F111 /* Overdue_Task_List_assignmentTests.m */,
				4F1F112A1833B38F0085F111 /* Supporting Files */,
			);
			path = "Overdue Task List assignmentTests";
			sourceTree = "<group>";
		};
		4F1F112A1833B38F0085F111 /* Supporting Files */ = {
			isa = PBXGroup;
			children = (
				4F1F112B1833B38F0085F111 /* Overdue Task List assignmentTests-Info.plist */,
				4F1F112C1833B38F0085F111 /* InfoPlist.strings */,
			);
			name = "Supporting Files";
			sourceTree = "<group>";
		};
/* End PBXGroup section */

/* Begin PBXNativeTarget section */
		4F1F11001833B38F0085F111 /* Overdue Task List assignment */ = {
			isa = PBXNativeTarget;
			buildConfigurationList = 4F1F11331833B38F0085F111 /* Build configuration list for PBXNativeTarget "Overdue Task List assignment" */;
			buildPhases = (
				4F1F10FD1833B38F0085F111 /* Sources */,
				4F1F10FE1833B38F0085F111 /* Frameworks */,
				4F1F10FF1833B38F0085F111 /* Resources */,
			);
			buildRules = (
			);
			dependencies = (
			);
			name = "Overdue Task List assignment";
			productName = "Overdue Task List assignment";
			productReference = 4F1F11011833B38F0085F111 /* Overdue Task List assignment.app */;
			productType = "com.apple.product-type.application";
		};
		4F1F11211833B38F0085F111 /* Overdue Task List assignmentTests */ = {
			isa = PBXNativeTarget;
			buildConfigurationList = 4F1F11361833B38F0085F111 /* Build configuration list for PBXNativeTarget "Overdue Task List assignmentTests" */;
			buildPhases = (
				4F1F111E1833B38F0085F111 /* Sources */,
				4F1F111F1833B38F0085F111 /* Frameworks */,
				4F1F11201833B38F0085F111 /* Resources */,
			);
			buildRules = (
			);
			dependencies = (
				4F1F11281833B38F0085F111 /* PBXTargetDependency */,
			);
			name = "Overdue Task List assignmentTests";
			productName = "Overdue Task List assignmentTests";
			productReference = 4F1F11221833B38F0085F111 /* Overdue Task List assignmentTests.xctest */;
			productType = "com.apple.product-type.bundle.unit-test";
		};
/* End PBXNativeTarget section */

/* Begin PBXProject section */
		4F1F10F91833B38F0085F111 /* Project object */ = {
			isa = PBXProject;
			attributes = {
				CLASSPREFIX = HV;
				LastUpgradeCheck = 0500;
				ORGANIZATIONNAME = "Heidi Vormer";
				TargetAttributes = {
					4F1F11211833B38F0085F111 = {
						TestTargetID = 4F1F11001833B38F0085F111;
					};
				};
			};
			buildConfigurationList = 4F1F10FC1833B38F0085F111 /* Build configuration list for PBXProject "Overdue Task List assignment" */;
			compatibilityVersion = "Xcode 3.2";
			developmentRegion = English;
			hasScannedForEncodings = 0;
			knownRegions = (
				en,
				Base,
			);
			mainGroup = 4F1F10F81833B38F0085F111;
			productRefGroup = 4F1F11021833B38F0085F111 /* Products */;
			projectDirPath = "";
			projectRoot = "";
			targets = (
				4F1F11001833B38F0085F111 /* Overdue Task List assignment */,
				4F1F11211833B38F0085F111 /* Overdue Task List assignmentTests */,
			);
		};
/* End PBXProject section */

/* Begin PBXResourcesBuildPhase section */
		4F1F10FF1833B38F0085F111 /* Resources */ = {
			isa = PBXResourcesBuildPhase;
			buildActionMask = 2147483647;
			files = (
				4F1F111D1833B38F0085F111 /* Images.xcassets in Resources */,
				4F5F2AB6183BAA3600150776 /* images.jpeg in Resources */,
				4F1F110F1833B38F0085F111 /* InfoPlist.strings in Resources */,
				4F1F11181833B38F0085F111 /* Main.storyboard in Resources */,
			);
			runOnlyForDeploymentPostprocessing = 0;
		};
		4F1F11201833B38F0085F111 /* Resources */ = {
			isa = PBXResourcesBuildPhase;
			buildActionMask = 2147483647;
			files = (
				4F1F112E1833B38F0085F111 /* InfoPlist.strings in Resources */,
			);
			runOnlyForDeploymentPostprocessing = 0;
		};
/* End PBXResourcesBuildPhase section */

/* Begin PBXSourcesBuildPhase section */
		4F1F10FD1833B38F0085F111 /* Sources */ = {
			isa = PBXSourcesBuildPhase;
			buildActionMask = 2147483647;
			files = (
				4F1F111B1833B38F0085F111 /* HVViewController.m in Sources */,
				4F1F113B1833B7060085F111 /* HVAddTaskViewController.m in Sources */,
				4F1F113E1833B7230085F111 /* HVTaskDetailViewController.m in Sources */,
				4F1F11151833B38F0085F111 /* HVAppDelegate.m in Sources */,
				4F1F11111833B38F0085F111 /* main.m in Sources */,
				4F08466E1833DE2F005A3D56 /* HVTaskModel.m in Sources */,
				4F1F11411833B7390085F111 /* HVEditTaskViewController.m in Sources */,
			);
			runOnlyForDeploymentPostprocessing = 0;
		};
		4F1F111E1833B38F0085F111 /* Sources */ = {
			isa = PBXSourcesBuildPhase;
			buildActionMask = 2147483647;
			files = (
				4F1F11301833B38F0085F111 /* Overdue_Task_List_assignmentTests.m in Sources */,
			);
			runOnlyForDeploymentPostprocessing = 0;
		};
/* End PBXSourcesBuildPhase section */

/* Begin PBXTargetDependency section */
		4F1F11281833B38F0085F111 /* PBXTargetDependency */ = {
			isa = PBXTargetDependency;
			target = 4F1F11001833B38F0085F111 /* Overdue Task List assignment */;
			targetProxy = 4F1F11271833B38F0085F111 /* PBXContainerItemProxy */;
		};
/* End PBXTargetDependency section */

/* Begin PBXVariantGroup section */
		4F1F110D1833B38F0085F111 /* InfoPlist.strings */ = {
			isa = PBXVariantGroup;
			children = (
				4F1F110E1833B38F0085F111 /* en */,
			);
			name = InfoPlist.strings;
			sourceTree = "<group>";
		};
		4F1F11161833B38F0085F111 /* Main.storyboard */ = {
			isa = PBXVariantGroup;
			children = (
				4F1F11171833B38F0085F111 /* Base */,
			);
			name = Main.storyboard;
			sourceTree = "<group>";
		};
		4F1F112C1833B38F0085F111 /* InfoPlist.strings */ = {
			isa = PBXVariantGroup;
			children = (
				4F1F112D1833B38F0085F111 /* en */,
			);
			name = InfoPlist.strings;
			sourceTree = "<group>";
		};
/* End PBXVariantGroup section */

/* Begin XCBuildConfiguration section */
		4F1F11311833B38F0085F111 /* Debug */ = {
			isa = XCBuildConfiguration;
			buildSettings = {
				ALWAYS_SEARCH_USER_PATHS = NO;
				ARCHS = "$(ARCHS_STANDARD_INCLUDING_64_BIT)";
				CLANG_CXX_LANGUAGE_STANDARD = "gnu++0x";
				CLANG_CXX_LIBRARY = "libc++";
				CLANG_ENABLE_MODULES = YES;
				CLANG_ENABLE_OBJC_ARC = YES;
				CLANG_WARN_BOOL_CONVERSION = YES;
				CLANG_WARN_CONSTANT_CONVERSION = YES;
				CLANG_WARN_DIRECT_OBJC_ISA_USAGE = YES_ERROR;
				CLANG_WARN_EMPTY_BODY = YES;
				CLANG_WARN_ENUM_CONVERSION = YES;
				CLANG_WARN_INT_CONVERSION = YES;
				CLANG_WARN_OBJC_ROOT_CLASS = YES_ERROR;
				CLANG_WARN__DUPLICATE_METHOD_MATCH = YES;
				"CODE_SIGN_IDENTITY[sdk=iphoneos*]" = "iPhone Developer";
				COPY_PHASE_STRIP = NO;
				GCC_C_LANGUAGE_STANDARD = gnu99;
				GCC_DYNAMIC_NO_PIC = NO;
				GCC_OPTIMIZATION_LEVEL = 0;
				GCC_PREPROCESSOR_DEFINITIONS = (
					"DEBUG=1",
					"$(inherited)",
				);
				GCC_SYMBOLS_PRIVATE_EXTERN = NO;
				GCC_WARN_64_TO_32_BIT_CONVERSION = YES;
				GCC_WARN_ABOUT_RETURN_TYPE = YES_ERROR;
				GCC_WARN_UNDECLARED_SELECTOR = YES;
				GCC_WARN_UNINITIALIZED_AUTOS = YES;
				GCC_WARN_UNUSED_FUNCTION = YES;
				GCC_WARN_UNUSED_VARIABLE = YES;
				IPHONEOS_DEPLOYMENT_TARGET = 7.0;
				ONLY_ACTIVE_ARCH = YES;
				SDKROOT = iphoneos;
			};
			name = Debug;
		};
		4F1F11321833B38F0085F111 /* Release */ = {
			isa = XCBuildConfiguration;
			buildSettings = {
				ALWAYS_SEARCH_USER_PATHS = NO;
				ARCHS = "$(ARCHS_STANDARD_INCLUDING_64_BIT)";
				CLANG_CXX_LANGUAGE_STANDARD = "gnu++0x";
				CLANG_CXX_LIBRARY = "libc++";
				CLANG_ENABLE_MODULES = YES;
				CLANG_ENABLE_OBJC_ARC = YES;
				CLANG_WARN_BOOL_CONVERSION = YES;
				CLANG_WARN_CONSTANT_CONVERSION = YES;
				CLANG_WARN_DIRECT_OBJC_ISA_USAGE = YES_ERROR;
				CLANG_WARN_EMPTY_BODY = YES;
				CLANG_WARN_ENUM_CONVERSION = YES;
				CLANG_WARN_INT_CONVERSION = YES;
				CLANG_WARN_OBJC_ROOT_CLASS = YES_ERROR;
				CLANG_WARN__DUPLICATE_METHOD_MATCH = YES;
				"CODE_SIGN_IDENTITY[sdk=iphoneos*]" = "iPhone Developer";
				COPY_PHASE_STRIP = YES;
				ENABLE_NS_ASSERTIONS = NO;
				GCC_C_LANGUAGE_STANDARD = gnu99;
				GCC_WARN_64_TO_32_BIT_CONVERSION = YES;
				GCC_WARN_ABOUT_RETURN_TYPE = YES_ERROR;
				GCC_WARN_UNDECLARED_SELECTOR = YES;
				GCC_WARN_UNINITIALIZED_AUTOS = YES;
				GCC_WARN_UNUSED_FUNCTION = YES;
				GCC_WARN_UNUSED_VARIABLE = YES;
				IPHONEOS_DEPLOYMENT_TARGET = 7.0;
				SDKROOT = iphoneos;
				VALIDATE_PRODUCT = YES;
			};
			name = Release;
		};
		4F1F11341833B38F0085F111 /* Debug */ = {
			isa = XCBuildConfiguration;
			buildSettings = {
				ASSETCATALOG_COMPILER_APPICON_NAME = AppIcon;
				ASSETCATALOG_COMPILER_LAUNCHIMAGE_NAME = LaunchImage;
				GCC_PRECOMPILE_PREFIX_HEADER = YES;
				GCC_PREFIX_HEADER = "Overdue Task List assignment/Overdue Task List assignment-Prefix.pch";
				INFOPLIST_FILE = "Overdue Task List assignment/Overdue Task List assignment-Info.plist";
				PRODUCT_NAME = "$(TARGET_NAME)";
				WRAPPER_EXTENSION = app;
			};
			name = Debug;
		};
		4F1F11351833B38F0085F111 /* Release */ = {
			isa = XCBuildConfiguration;
			buildSettings = {
				ASSETCATALOG_COMPILER_APPICON_NAME = AppIcon;
				ASSETCATALOG_COMPILER_LAUNCHIMAGE_NAME = LaunchImage;
				GCC_PRECOMPILE_PREFIX_HEADER = YES;
				GCC_PREFIX_HEADER = "Overdue Task List assignment/Overdue Task List assignment-Prefix.pch";
				INFOPLIST_FILE = "Overdue Task List assignment/Overdue Task List assignment-Info.plist";
				PRODUCT_NAME = "$(TARGET_NAME)";
				WRAPPER_EXTENSION = app;
			};
			name = Release;
		};
		4F1F11371833B38F0085F111 /* Debug */ = {
			isa = XCBuildConfiguration;
			buildSettings = {
				ARCHS = "$(ARCHS_STANDARD_INCLUDING_64_BIT)";
				BUNDLE_LOADER = "$(BUILT_PRODUCTS_DIR)/Overdue Task List assignment.app/Overdue Task List assignment";
				FRAMEWORK_SEARCH_PATHS = (
					"$(SDKROOT)/Developer/Library/Frameworks",
					"$(inherited)",
					"$(DEVELOPER_FRAMEWORKS_DIR)",
				);
				GCC_PRECOMPILE_PREFIX_HEADER = YES;
				GCC_PREFIX_HEADER = "Overdue Task List assignment/Overdue Task List assignment-Prefix.pch";
				GCC_PREPROCESSOR_DEFINITIONS = (
					"DEBUG=1",
					"$(inherited)",
				);
				INFOPLIST_FILE = "Overdue Task List assignmentTests/Overdue Task List assignmentTests-Info.plist";
				PRODUCT_NAME = "$(TARGET_NAME)";
				TEST_HOST = "$(BUNDLE_LOADER)";
				WRAPPER_EXTENSION = xctest;
			};
			name = Debug;
		};
		4F1F11381833B38F0085F111 /* Release */ = {
			isa = XCBuildConfiguration;
			buildSettings = {
				ARCHS = "$(ARCHS_STANDARD_INCLUDING_64_BIT)";
				BUNDLE_LOADER = "$(BUILT_PRODUCTS_DIR)/Overdue Task List assignment.app/Overdue Task List assignment";
				FRAMEWORK_SEARCH_PATHS = (
					"$(SDKROOT)/Developer/Library/Frameworks",
					"$(inherited)",
					"$(DEVELOPER_FRAMEWORKS_DIR)",
				);
				GCC_PRECOMPILE_PREFIX_HEADER = YES;
				GCC_PREFIX_HEADER = "Overdue Task List assignment/Overdue Task List assignment-Prefix.pch";
				INFOPLIST_FILE = "Overdue Task List assignmentTests/Overdue Task List assignmentTests-Info.plist";
				PRODUCT_NAME = "$(TARGET_NAME)";
				TEST_HOST = "$(BUNDLE_LOADER)";
				WRAPPER_EXTENSION = xctest;
			};
			name = Release;
		};
/* End XCBuildConfiguration section */

/* Begin XCConfigurationList section */
		4F1F10FC1833B38F0085F111 /* Build configuration list for PBXProject "Overdue Task List assignment" */ = {
			isa = XCConfigurationList;
			buildConfigurations = (
				4F1F11311833B38F0085F111 /* Debug */,
				4F1F11321833B38F0085F111 /* Release */,
			);
			defaultConfigurationIsVisible = 0;
			defaultConfigurationName = Release;
		};
		4F1F11331833B38F0085F111 /* Build configuration list for PBXNativeTarget "Overdue Task List assignment" */ = {
			isa = XCConfigurationList;
			buildConfigurations = (
				4F1F11341833B38F0085F111 /* Debug */,
				4F1F11351833B38F0085F111 /* Release */,
			);
			defaultConfigurationIsVisible = 0;
			defaultConfigurationName = Release;
		};
		4F1F11361833B38F0085F111 /* Build configuration list for PBXNativeTarget "Overdue Task List assignmentTests" */ = {
			isa = XCConfigurationList;
			buildConfigurations = (
				4F1F11371833B38F0085F111 /* Debug */,
				4F1F11381833B38F0085F111 /* Release */,
			);
			defaultConfigurationIsVisible = 0;
			defaultConfigurationName = Release;
		};
/* End XCConfigurationList section */
	};
	rootObject = 4F1F10F91833B38F0085F111 /* Project object */;
}
